
Microsoft Visual Studio Solution File, Format Version 12.00
# Visual Studio Version 16
VisualStudioVersion = 16.0.31205.134
MinimumVisualStudioVersion = 10.0.40219.1
Project("{FAE04EC0-301F-11D3-BF4B-00C04F79EFBC}") = "TradingExchange", "TradingExchange\TradingExchange.csproj", "{08C70F75-E4D7-4AA1-96BF-1BFC6113ACEF}"
EndProject
Global
	GlobalSection(SolutionConfigurationPlatforms) = preSolution
		Debug|Any CPU = Debug|Any CPU
		Release|Any CPU = Release|Any CPU
	EndGlobalSection
	GlobalSection(ProjectConfigurationPlatforms) = postSolution
		{08C70F75-E4D7-4AA1-96BF-1BFC6113ACEF}.Debug|Any CPU.ActiveCfg = Debug|Any CPU
		{08C70F75-E4D7-4AA1-96BF-1BFC6113ACEF}.Debug|Any CPU.Build.0 = Debug|Any CPU
		{08C70F75-E4D7-4AA1-96BF-1BFC6113ACEF}.Release|Any CPU.ActiveCfg = Release|Any CPU
		{08C70F75-E4D7-4AA1-96BF-1BFC6113ACEF}.Release|Any CPU.Build.0 = Release|Any CPU
	EndGlobalSection
	GlobalSection(SolutionProperties) = preSolution
		HideSolutionNode = FALSE
	EndGlobalSection
	GlobalSection(ExtensibilityGlobals) = postSolution
		SolutionGuid = {988B06EA-40E6-4514-BA70-2981BC4E2754}
	EndGlobalSection
EndGlobal
